
Microsoft Visual Studio Solution File, Format Version 12.00
# Visual Studio Version 17
VisualStudioVersion = 17.14.36511.14 d17.14
MinimumVisualStudioVersion = 10.0.40219.1
Project("{FAE04EC0-301F-11D3-BF4B-00C04F79EFBC}") = "P5S3", "P5S3.csproj", "{DEA98D80-7BA4-48F9-9022-7D90CA578DB4}"
EndProject
Global
	GlobalSection(SolutionConfigurationPlatforms) = preSolution
		Debug|Any CPU = Debug|Any CPU
		Release|Any CPU = Release|Any CPU
	EndGlobalSection
	GlobalSection(ProjectConfigurationPlatforms) = postSolution
		{DEA98D80-7BA4-48F9-9022-7D90CA578DB4}.Debug|Any CPU.ActiveCfg = Debug|Any CPU
		{DEA98D80-7BA4-48F9-9022-7D90CA578DB4}.Debug|Any CPU.Build.0 = Debug|Any CPU
		{DEA98D80-7BA4-48F9-9022-7D90CA578DB4}.Release|Any CPU.ActiveCfg = Release|Any CPU
		{DEA98D80-7BA4-48F9-9022-7D90CA578DB4}.Release|Any CPU.Build.0 = Release|Any CPU
	EndGlobalSection
	GlobalSection(SolutionProperties) = preSolution
		HideSolutionNode = FALSE
	EndGlobalSection
	GlobalSection(ExtensibilityGlobals) = postSolution
		SolutionGuid = {0EF283F3-0030-48B2-AA62-2698AB6674E7}
	EndGlobalSection
EndGlobal
